
Microsoft Visual Studio Solution File, Format Version 12.00
# Visual Studio Version 16
VisualStudioVersion = 16.0.32126.315
MinimumVisualStudioVersion = 10.0.40219.1
Project("{FAE04EC0-301F-11D3-BF4B-00C04F79EFBC}") = "UtilityKnife", "UtilityKnife.csproj", "{26001B46-87E0-4844-BF54-CD7B3E533DBB}"
EndProject
Global
	GlobalSection(SolutionConfigurationPlatforms) = preSolution
		Debug|Any CPU = Debug|Any CPU
		Release|Any CPU = Release|Any CPU
	EndGlobalSection
	GlobalSection(ProjectConfigurationPlatforms) = postSolution
		{26001B46-87E0-4844-BF54-CD7B3E533DBB}.Debug|Any CPU.ActiveCfg = Debug|Any CPU
		{26001B46-87E0-4844-BF54-CD7B3E533DBB}.Debug|Any CPU.Build.0 = Debug|Any CPU
		{26001B46-87E0-4844-BF54-CD7B3E533DBB}.Release|Any CPU.ActiveCfg = Release|Any CPU
		{26001B46-87E0-4844-BF54-CD7B3E533DBB}.Release|Any CPU.Build.0 = Release|Any CPU
	EndGlobalSection
	GlobalSection(SolutionProperties) = preSolution
		HideSolutionNode = FALSE
	EndGlobalSection
	GlobalSection(ExtensibilityGlobals) = postSolution
		SolutionGuid = {298C0702-ABED-45B2-84DA-C60D210F7FFA}
	EndGlobalSection
EndGlobal
